// !$*UTF8*$!
{
	archiveVersion = 1;
	classes = {
	};
	objectVersion = 46;
	objects = {

/* Begin PBXBuildFile section */
		0E57B3C51E30909B00572389 /* main.m in Sources */ = {isa = PBXBuildFile; fileRef = 0E57B3C41E30909B00572389 /* main.m */; };
		0E57B3C81E30909B00572389 /* AppDelegate.m in Sources */ = {isa = PBXBuildFile; fileRef = 0E57B3C71E30909B00572389 /* AppDelegate.m */; };
		0E57B3CB1E30909B00572389 /* ViewController.m in Sources */ = {isa = PBXBuildFile; fileRef = 0E57B3CA1E30909B00572389 /* ViewController.m */; };
		0E57B3CE1E30909B00572389 /* Main.storyboard in Resources */ = {isa = PBXBuildFile; fileRef = 0E57B3CC1E30909B00572389 /* Main.storyboard */; };
		0E57B3D01E30909B00572389 /* Assets.xcassets in Resources */ = {isa = PBXBuildFile; fileRef = 0E57B3CF1E30909B00572389 /* Assets.xcassets */; };
		0E57B3D31E30909B00572389 /* LaunchScreen.storyboard in Resources */ = {isa = PBXBuildFile; fileRef = 0E57B3D11E30909B00572389 /* LaunchScreen.storyboard */; };
		0E57B40E1E30CFAC00572389 /* PWNCenter.m in Sources */ = {isa = PBXBuildFile; fileRef = 0E57B4071E30CFAC00572389 /* PWNCenter.m */; };
		0E57B4101E30CFAC00572389 /* PWNRequest.m in Sources */ = {isa = PBXBuildFile; fileRef = 0E57B40D1E30CFAC00572389 /* PWNRequest.m */; };
		0E57B4131E30D1D900572389 /* PWNEngine.m in Sources */ = {isa = PBXBuildFile; fileRef = 0E57B4121E30D1D900572389 /* PWNEngine.m */; };
		0E57B4161E30D20100572389 /* PWNCenterConfig.m in Sources */ = {isa = PBXBuildFile; fileRef = 0E57B4151E30D20100572389 /* PWNCenterConfig.m */; };
		0E57B41A1E31D17600572389 /* PWNTestCase.m in Sources */ = {isa = PBXBuildFile; fileRef = 0E57B4191E31D17600572389 /* PWNTestCase.m */; };
		0E57B41C1E31D31600572389 /* PWNNormalRequestTests.m in Sources */ = {isa = PBXBuildFile; fileRef = 0E57B41B1E31D31600572389 /* PWNNormalRequestTests.m */; };
		0E57B4201E345F4400572389 /* NSURLSessionTask+PWNRequest.m in Sources */ = {isa = PBXBuildFile; fileRef = 0E57B41F1E345F4400572389 /* NSURLSessionTask+PWNRequest.m */; };
		5C2657E4E15EE4A36A9EA3F8 /* libPods-PWNetworkDemo.a in Frameworks */ = {isa = PBXBuildFile; fileRef = F3639331274B7767492C41A6 /* libPods-PWNetworkDemo.a */; };
		D67F4828C8CB657AFFEAB119 /* libPods-PWNetworkDemoTests.a in Frameworks */ = {isa = PBXBuildFile; fileRef = 18CC2CF979DBF15D96BB77C5 /* libPods-PWNetworkDemoTests.a */; };
/* End PBXBuildFile section */

/* Begin PBXContainerItemProxy section */
		0E57B3DA1E30909B00572389 /* PBXContainerItemProxy */ = {
			isa = PBXContainerItemProxy;
			containerPortal = 0E57B3B81E30909B00572389 /* Project object */;
			proxyType = 1;
			remoteGlobalIDString = 0E57B3BF1E30909B00572389;
			remoteInfo = PWNetworkDemo;
		};
/* End PBXContainerItemProxy section */

/* Begin PBXFileReference section */
		0E57B3C01E30909B00572389 /* PWNetworkDemo.app */ = {isa = PBXFileReference; explicitFileType = wrapper.application; includeInIndex = 0; path = PWNetworkDemo.app; sourceTree = BUILT_PRODUCTS_DIR; };
		0E57B3C41E30909B00572389 /* main.m */ = {isa = PBXFileReference; lastKnownFileType = sourcecode.c.objc; path = main.m; sourceTree = "<group>"; };
		0E57B3C61E30909B00572389 /* AppDelegate.h */ = {isa = PBXFileReference; lastKnownFileType = sourcecode.c.h; path = AppDelegate.h; sourceTree = "<group>"; };
		0E57B3C71E30909B00572389 /* AppDelegate.m */ = {isa = PBXFileReference; lastKnownFileType = sourcecode.c.objc; path = AppDelegate.m; sourceTree = "<group>"; };
		0E57B3C91E30909B00572389 /* ViewController.h */ = {isa = PBXFileReference; lastKnownFileType = sourcecode.c.h; path = ViewController.h; sourceTree = "<group>"; };
		0E57B3CA1E30909B00572389 /* ViewController.m */ = {isa = PBXFileReference; lastKnownFileType = sourcecode.c.objc; path = ViewController.m; sourceTree = "<group>"; };
		0E57B3CD1E30909B00572389 /* Base */ = {isa = PBXFileReference; lastKnownFileType = file.storyboard; name = Base; path = Base.lproj/Main.storyboard; sourceTree = "<group>"; };
		0E57B3CF1E30909B00572389 /* Assets.xcassets */ = {isa = PBXFileReference; lastKnownFileType = folder.assetcatalog; path = Assets.xcassets; sourceTree = "<group>"; };
		0E57B3D21E30909B00572389 /* Base */ = {isa = PBXFileReference; lastKnownFileType = file.storyboard; name = Base; path = Base.lproj/LaunchScreen.storyboard; sourceTree = "<group>"; };
		0E57B3D41E30909B00572389 /* Info.plist */ = {isa = PBXFileReference; lastKnownFileType = text.plist.xml; path = Info.plist; sourceTree = "<group>"; };
		0E57B3D91E30909B00572389 /* PWNetworkDemoTests.xctest */ = {isa = PBXFileReference; explicitFileType = wrapper.cfbundle; includeInIndex = 0; path = PWNetworkDemoTests.xctest; sourceTree = BUILT_PRODUCTS_DIR; };
		0E57B3DF1E30909B00572389 /* Info.plist */ = {isa = PBXFileReference; lastKnownFileType = text.plist.xml; path = Info.plist; sourceTree = "<group>"; };
		0E57B4051E30CFAC00572389 /* PWNRequestInternal.h */ = {isa = PBXFileReference; fileEncoding = 4; lastKnownFileType = sourcecode.c.h; path = PWNRequestInternal.h; sourceTree = "<group>"; };
		0E57B4061E30CFAC00572389 /* PWNCenter.h */ = {isa = PBXFileReference; fileEncoding = 4; lastKnownFileType = sourcecode.c.h; path = PWNCenter.h; sourceTree = "<group>"; };
		0E57B4071E30CFAC00572389 /* PWNCenter.m */ = {isa = PBXFileReference; fileEncoding = 4; lastKnownFileType = sourcecode.c.objc; path = PWNCenter.m; sourceTree = "<group>"; };
		0E57B4081E30CFAC00572389 /* PWNDefines.h */ = {isa = PBXFileReference; fileEncoding = 4; lastKnownFileType = sourcecode.c.h; path = PWNDefines.h; sourceTree = "<group>"; };
		0E57B40B1E30CFAC00572389 /* PWNetwork.h */ = {isa = PBXFileReference; fileEncoding = 4; lastKnownFileType = sourcecode.c.h; path = PWNetwork.h; sourceTree = "<group>"; };
		0E57B40C1E30CFAC00572389 /* PWNRequest.h */ = {isa = PBXFileReference; fileEncoding = 4; lastKnownFileType = sourcecode.c.h; path = PWNRequest.h; sourceTree = "<group>"; };
		0E57B40D1E30CFAC00572389 /* PWNRequest.m */ = {isa = PBXFileReference; fileEncoding = 4; lastKnownFileType = sourcecode.c.objc; path = PWNRequest.m; sourceTree = "<group>"; };
		0E57B4111E30D1D900572389 /* PWNEngine.h */ = {isa = PBXFileReference; fileEncoding = 4; lastKnownFileType = sourcecode.c.h; path = PWNEngine.h; sourceTree = "<group>"; };
		0E57B4121E30D1D900572389 /* PWNEngine.m */ = {isa = PBXFileReference; fileEncoding = 4; lastKnownFileType = sourcecode.c.objc; path = PWNEngine.m; sourceTree = "<group>"; };
		0E57B4141E30D20100572389 /* PWNCenterConfig.h */ = {isa = PBXFileReference; fileEncoding = 4; lastKnownFileType = sourcecode.c.h; path = PWNCenterConfig.h; sourceTree = "<group>"; };
		0E57B4151E30D20100572389 /* PWNCenterConfig.m */ = {isa = PBXFileReference; fileEncoding = 4; lastKnownFileType = sourcecode.c.objc; path = PWNCenterConfig.m; sourceTree = "<group>"; };
		0E57B4171E30D5D900572389 /* PWNCenterInternal.h */ = {isa = PBXFileReference; fileEncoding = 4; lastKnownFileType = sourcecode.c.h; path = PWNCenterInternal.h; sourceTree = "<group>"; };
		0E57B4181E31D17600572389 /* PWNTestCase.h */ = {isa = PBXFileReference; fileEncoding = 4; lastKnownFileType = sourcecode.c.h; path = PWNTestCase.h; sourceTree = "<group>"; };
		0E57B4191E31D17600572389 /* PWNTestCase.m */ = {isa = PBXFileReference; fileEncoding = 4; lastKnownFileType = sourcecode.c.objc; path = PWNTestCase.m; sourceTree = "<group>"; };
		0E57B41B1E31D31600572389 /* PWNNormalRequestTests.m */ = {isa = PBXFileReference; fileEncoding = 4; lastKnownFileType = sourcecode.c.objc; path = PWNNormalRequestTests.m; sourceTree = "<group>"; };
		0E57B41D1E344F9C00572389 /* PWNEngineInternal.h */ = {isa = PBXFileReference; fileEncoding = 4; lastKnownFileType = sourcecode.c.h; path = PWNEngineInternal.h; sourceTree = "<group>"; };
		0E57B41E1E345F4400572389 /* NSURLSessionTask+PWNRequest.h */ = {isa = PBXFileReference; fileEncoding = 4; lastKnownFileType = sourcecode.c.h; path = "NSURLSessionTask+PWNRequest.h"; sourceTree = "<group>"; };
		0E57B41F1E345F4400572389 /* NSURLSessionTask+PWNRequest.m */ = {isa = PBXFileReference; fileEncoding = 4; lastKnownFileType = sourcecode.c.objc; path = "NSURLSessionTask+PWNRequest.m"; sourceTree = "<group>"; };
		18CC2CF979DBF15D96BB77C5 /* libPods-PWNetworkDemoTests.a */ = {isa = PBXFileReference; explicitFileType = archive.ar; includeInIndex = 0; path = "libPods-PWNetworkDemoTests.a"; sourceTree = BUILT_PRODUCTS_DIR; };
		54283EFC430CEF3035A44CC5 /* Pods-PWNetworkDemo.release.xcconfig */ = {isa = PBXFileReference; includeInIndex = 1; lastKnownFileType = text.xcconfig; name = "Pods-PWNetworkDemo.release.xcconfig"; path = "Pods/Target Support Files/Pods-PWNetworkDemo/Pods-PWNetworkDemo.release.xcconfig"; sourceTree = "<group>"; };
		61D7CFE647A823E3A35AF716 /* Pods-PWNetworkDemo.debug.xcconfig */ = {isa = PBXFileReference; includeInIndex = 1; lastKnownFileType = text.xcconfig; name = "Pods-PWNetworkDemo.debug.xcconfig"; path = "Pods/Target Support Files/Pods-PWNetworkDemo/Pods-PWNetworkDemo.debug.xcconfig"; sourceTree = "<group>"; };
		C52B8576A64E6F7C3B387125 /* Pods-PWNetworkDemoTests.release.xcconfig */ = {isa = PBXFileReference; includeInIndex = 1; lastKnownFileType = text.xcconfig; name = "Pods-PWNetworkDemoTests.release.xcconfig"; path = "Pods/Target Support Files/Pods-PWNetworkDemoTests/Pods-PWNetworkDemoTests.release.xcconfig"; sourceTree = "<group>"; };
		F3639331274B7767492C41A6 /* libPods-PWNetworkDemo.a */ = {isa = PBXFileReference; explicitFileType = archive.ar; includeInIndex = 0; path = "libPods-PWNetworkDemo.a"; sourceTree = BUILT_PRODUCTS_DIR; };
		FC86CF1AD583EAB0F990AB24 /* Pods-PWNetworkDemoTests.debug.xcconfig */ = {isa = PBXFileReference; includeInIndex = 1; lastKnownFileType = text.xcconfig; name = "Pods-PWNetworkDemoTests.debug.xcconfig"; path = "Pods/Target Support Files/Pods-PWNetworkDemoTests/Pods-PWNetworkDemoTests.debug.xcconfig"; sourceTree = "<group>"; };
/* End PBXFileReference section */

/* Begin PBXFrameworksBuildPhase section */
		0E57B3BD1E30909B00572389 /* Frameworks */ = {
			isa = PBXFrameworksBuildPhase;
			buildActionMask = 2147483647;
			files = (
				5C2657E4E15EE4A36A9EA3F8 /* libPods-PWNetworkDemo.a in Frameworks */,
			);
			runOnlyForDeploymentPostprocessing = 0;
		};
		0E57B3D61E30909B00572389 /* Frameworks */ = {
			isa = PBXFrameworksBuildPhase;
			buildActionMask = 2147483647;
			files = (
				D67F4828C8CB657AFFEAB119 /* libPods-PWNetworkDemoTests.a in Frameworks */,
			);
			runOnlyForDeploymentPostprocessing = 0;
		};
/* End PBXFrameworksBuildPhase section */

/* Begin PBXGroup section */
		0E57B3B71E30909B00572389 = {
			isa = PBXGroup;
			children = (
				0E57B4031E30CFAC00572389 /* PWNetwork */,
				0E57B3C21E30909B00572389 /* PWNetworkDemo */,
				0E57B3DC1E30909B00572389 /* PWNetworkDemoTests */,
				0E57B3C11E30909B00572389 /* Products */,
				276FCAD97A74D7DCFBA5F6AD /* Pods */,
				126AB886ABF647E59CC078C3 /* Frameworks */,
			);
			sourceTree = "<group>";
		};
		0E57B3C11E30909B00572389 /* Products */ = {
			isa = PBXGroup;
			children = (
				0E57B3C01E30909B00572389 /* PWNetworkDemo.app */,
				0E57B3D91E30909B00572389 /* PWNetworkDemoTests.xctest */,
			);
			name = Products;
			sourceTree = "<group>";
		};
		0E57B3C21E30909B00572389 /* PWNetworkDemo */ = {
			isa = PBXGroup;
			children = (
				0E57B3C61E30909B00572389 /* AppDelegate.h */,
				0E57B3C71E30909B00572389 /* AppDelegate.m */,
				0E57B3C91E30909B00572389 /* ViewController.h */,
				0E57B3CA1E30909B00572389 /* ViewController.m */,
				0E57B3CC1E30909B00572389 /* Main.storyboard */,
				0E57B3CF1E30909B00572389 /* Assets.xcassets */,
				0E57B3D11E30909B00572389 /* LaunchScreen.storyboard */,
				0E57B3D41E30909B00572389 /* Info.plist */,
				0E57B3C31E30909B00572389 /* Supporting Files */,
			);
			path = PWNetworkDemo;
			sourceTree = "<group>";
		};
		0E57B3C31E30909B00572389 /* Supporting Files */ = {
			isa = PBXGroup;
			children = (
				0E57B3C41E30909B00572389 /* main.m */,
			);
			name = "Supporting Files";
			sourceTree = "<group>";
		};
		0E57B3DC1E30909B00572389 /* PWNetworkDemoTests */ = {
			isa = PBXGroup;
			children = (
				0E57B3DF1E30909B00572389 /* Info.plist */,
				0E57B4181E31D17600572389 /* PWNTestCase.h */,
				0E57B4191E31D17600572389 /* PWNTestCase.m */,
				0E57B41B1E31D31600572389 /* PWNNormalRequestTests.m */,
			);
			path = PWNetworkDemoTests;
			sourceTree = "<group>";
		};
		0E57B4031E30CFAC00572389 /* PWNetwork */ = {
			isa = PBXGroup;
			children = (
				0E57B4041E30CFAC00572389 /* Internal */,
				0E57B4081E30CFAC00572389 /* PWNDefines.h */,
				0E57B4061E30CFAC00572389 /* PWNCenter.h */,
				0E57B4071E30CFAC00572389 /* PWNCenter.m */,
				0E57B4141E30D20100572389 /* PWNCenterConfig.h */,
				0E57B4151E30D20100572389 /* PWNCenterConfig.m */,
				0E57B40B1E30CFAC00572389 /* PWNetwork.h */,
				0E57B40C1E30CFAC00572389 /* PWNRequest.h */,
				0E57B40D1E30CFAC00572389 /* PWNRequest.m */,
			);
			path = PWNetwork;
			sourceTree = "<group>";
		};
		0E57B4041E30CFAC00572389 /* Internal */ = {
			isa = PBXGroup;
			children = (
				0E57B4111E30D1D900572389 /* PWNEngine.h */,
				0E57B4121E30D1D900572389 /* PWNEngine.m */,
				0E57B41D1E344F9C00572389 /* PWNEngineInternal.h */,
				0E57B4051E30CFAC00572389 /* PWNRequestInternal.h */,
				0E57B4171E30D5D900572389 /* PWNCenterInternal.h */,
				0E57B41E1E345F4400572389 /* NSURLSessionTask+PWNRequest.h */,
				0E57B41F1E345F4400572389 /* NSURLSessionTask+PWNRequest.m */,
			);
			path = Internal;
			sourceTree = "<group>";
		};
		126AB886ABF647E59CC078C3 /* Frameworks */ = {
			isa = PBXGroup;
			children = (
				F3639331274B7767492C41A6 /* libPods-PWNetworkDemo.a */,
				18CC2CF979DBF15D96BB77C5 /* libPods-PWNetworkDemoTests.a */,
			);
			name = Frameworks;
			sourceTree = "<group>";
		};
		276FCAD97A74D7DCFBA5F6AD /* Pods */ = {
			isa = PBXGroup;
			children = (
				61D7CFE647A823E3A35AF716 /* Pods-PWNetworkDemo.debug.xcconfig */,
				54283EFC430CEF3035A44CC5 /* Pods-PWNetworkDemo.release.xcconfig */,
				FC86CF1AD583EAB0F990AB24 /* Pods-PWNetworkDemoTests.debug.xcconfig */,
				C52B8576A64E6F7C3B387125 /* Pods-PWNetworkDemoTests.release.xcconfig */,
			);
			name = Pods;
			sourceTree = "<group>";
		};
/* End PBXGroup section */

/* Begin PBXNativeTarget section */
		0E57B3BF1E30909B00572389 /* PWNetworkDemo */ = {
			isa = PBXNativeTarget;
			buildConfigurationList = 0E57B3E21E30909B00572389 /* Build configuration list for PBXNativeTarget "PWNetworkDemo" */;
			buildPhases = (
				F13D272FD22E24511AC04F3E /* [CP] Check Pods Manifest.lock */,
				0E57B3BC1E30909B00572389 /* Sources */,
				0E57B3BD1E30909B00572389 /* Frameworks */,
				0E57B3BE1E30909B00572389 /* Resources */,
				997F591E991FA857425E167C /* [CP] Embed Pods Frameworks */,
				6337804D738CE8E5DEC29ADE /* [CP] Copy Pods Resources */,
			);
			buildRules = (
			);
			dependencies = (
			);
			name = PWNetworkDemo;
			productName = PWNetworkDemo;
			productReference = 0E57B3C01E30909B00572389 /* PWNetworkDemo.app */;
			productType = "com.apple.product-type.application";
		};
		0E57B3D81E30909B00572389 /* PWNetworkDemoTests */ = {
			isa = PBXNativeTarget;
			buildConfigurationList = 0E57B3E51E30909B00572389 /* Build configuration list for PBXNativeTarget "PWNetworkDemoTests" */;
			buildPhases = (
				5FDC8D11EF9263DC300292FF /* [CP] Check Pods Manifest.lock */,
				0E57B3D51E30909B00572389 /* Sources */,
				0E57B3D61E30909B00572389 /* Frameworks */,
				0E57B3D71E30909B00572389 /* Resources */,
				FF9E5DC287EFC127807EA973 /* [CP] Embed Pods Frameworks */,
				5881241B3BAB1ED289353248 /* [CP] Copy Pods Resources */,
			);
			buildRules = (
			);
			dependencies = (
				0E57B3DB1E30909B00572389 /* PBXTargetDependency */,
			);
			name = PWNetworkDemoTests;
			productName = PWNetworkDemoTests;
			productReference = 0E57B3D91E30909B00572389 /* PWNetworkDemoTests.xctest */;
			productType = "com.apple.product-type.bundle.unit-test";
		};
/* End PBXNativeTarget section */

/* Begin PBXProject section */
		0E57B3B81E30909B00572389 /* Project object */ = {
			isa = PBXProject;
			attributes = {
				LastUpgradeCheck = 0820;
				ORGANIZATIONNAME = "Parallel World";
				TargetAttributes = {
					0E57B3BF1E30909B00572389 = {
						CreatedOnToolsVersion = 8.2.1;
						ProvisioningStyle = Automatic;
					};
					0E57B3D81E30909B00572389 = {
						CreatedOnToolsVersion = 8.2.1;
						ProvisioningStyle = Automatic;
						TestTargetID = 0E57B3BF1E30909B00572389;
					};
				};
			};
			buildConfigurationList = 0E57B3BB1E30909B00572389 /* Build configuration list for PBXProject "PWNetworkDemo" */;
			compatibilityVersion = "Xcode 3.2";
			developmentRegion = English;
			hasScannedForEncodings = 0;
			knownRegions = (
				en,
				Base,
			);
			mainGroup = 0E57B3B71E30909B00572389;
			productRefGroup = 0E57B3C11E30909B00572389 /* Products */;
			projectDirPath = "";
			projectRoot = "";
			targets = (
				0E57B3BF1E30909B00572389 /* PWNetworkDemo */,
				0E57B3D81E30909B00572389 /* PWNetworkDemoTests */,
			);
		};
/* End PBXProject section */

/* Begin PBXResourcesBuildPhase section */
		0E57B3BE1E30909B00572389 /* Resources */ = {
			isa = PBXResourcesBuildPhase;
			buildActionMask = 2147483647;
			files = (
				0E57B3D31E30909B00572389 /* LaunchScreen.storyboard in Resources */,
				0E57B3D01E30909B00572389 /* Assets.xcassets in Resources */,
				0E57B3CE1E30909B00572389 /* Main.storyboard in Resources */,
			);
			runOnlyForDeploymentPostprocessing = 0;
		};
		0E57B3D71E30909B00572389 /* Resources */ = {
			isa = PBXResourcesBuildPhase;
			buildActionMask = 2147483647;
			files = (
			);
			runOnlyForDeploymentPostprocessing = 0;
		};
/* End PBXResourcesBuildPhase section */

/* Begin PBXShellScriptBuildPhase section */
		5881241B3BAB1ED289353248 /* [CP] Copy Pods Resources */ = {
			isa = PBXShellScriptBuildPhase;
			buildActionMask = 2147483647;
			files = (
			);
			inputPaths = (
			);
			name = "[CP] Copy Pods Resources";
			outputPaths = (
			);
			runOnlyForDeploymentPostprocessing = 0;
			shellPath = /bin/sh;
			shellScript = "\"${SRCROOT}/Pods/Target Support Files/Pods-PWNetworkDemoTests/Pods-PWNetworkDemoTests-resources.sh\"\n";
			showEnvVarsInLog = 0;
		};
		5FDC8D11EF9263DC300292FF /* [CP] Check Pods Manifest.lock */ = {
			isa = PBXShellScriptBuildPhase;
			buildActionMask = 2147483647;
			files = (
			);
			inputPaths = (
			);
			name = "[CP] Check Pods Manifest.lock";
			outputPaths = (
			);
			runOnlyForDeploymentPostprocessing = 0;
			shellPath = /bin/sh;
			shellScript = "diff \"${PODS_ROOT}/../Podfile.lock\" \"${PODS_ROOT}/Manifest.lock\" > /dev/null\nif [ $? != 0 ] ; then\n    # print error to STDERR\n    echo \"error: The sandbox is not in sync with the Podfile.lock. Run 'pod install' or update your CocoaPods installation.\" >&2\n    exit 1\nfi\n";
			showEnvVarsInLog = 0;
		};
		6337804D738CE8E5DEC29ADE /* [CP] Copy Pods Resources */ = {
			isa = PBXShellScriptBuildPhase;
			buildActionMask = 2147483647;
			files = (
			);
			inputPaths = (
			);
			name = "[CP] Copy Pods Resources";
			outputPaths = (
			);
			runOnlyForDeploymentPostprocessing = 0;
			shellPath = /bin/sh;
			shellScript = "\"${SRCROOT}/Pods/Target Support Files/Pods-PWNetworkDemo/Pods-PWNetworkDemo-resources.sh\"\n";
			showEnvVarsInLog = 0;
		};
		997F591E991FA857425E167C /* [CP] Embed Pods Frameworks */ = {
			isa = PBXShellScriptBuildPhase;
			buildActionMask = 2147483647;
			files = (
			);
			inputPaths = (
			);
			name = "[CP] Embed Pods Frameworks";
			outputPaths = (
			);
			runOnlyForDeploymentPostprocessing = 0;
			shellPath = /bin/sh;
			shellScript = "\"${SRCROOT}/Pods/Target Support Files/Pods-PWNetworkDemo/Pods-PWNetworkDemo-frameworks.sh\"\n";
			showEnvVarsInLog = 0;
		};
		F13D272FD22E24511AC04F3E /* [CP] Check Pods Manifest.lock */ = {
			isa = PBXShellScriptBuildPhase;
			buildActionMask = 2147483647;
			files = (
			);
			inputPaths = (
			);
			name = "[CP] Check Pods Manifest.lock";
			outputPaths = (
			);
			runOnlyForDeploymentPostprocessing = 0;
			shellPath = /bin/sh;
			shellScript = "diff \"${PODS_ROOT}/../Podfile.lock\" \"${PODS_ROOT}/Manifest.lock\" > /dev/null\nif [ $? != 0 ] ; then\n    # print error to STDERR\n    echo \"error: The sandbox is not in sync with the Podfile.lock. Run 'pod install' or update your CocoaPods installation.\" >&2\n    exit 1\nfi\n";
			showEnvVarsInLog = 0;
		};
		FF9E5DC287EFC127807EA973 /* [CP] Embed Pods Frameworks */ = {
			isa = PBXShellScriptBuildPhase;
			buildActionMask = 2147483647;
			files = (
			);
			inputPaths = (
			);
			name = "[CP] Embed Pods Frameworks";
			outputPaths = (
			);
			runOnlyForDeploymentPostprocessing = 0;
			shellPath = /bin/sh;
			shellScript = "\"${SRCROOT}/Pods/Target Support Files/Pods-PWNetworkDemoTests/Pods-PWNetworkDemoTests-frameworks.sh\"\n";
			showEnvVarsInLog = 0;
		};
/* End PBXShellScriptBuildPhase section */

/* Begin PBXSourcesBuildPhase section */
		0E57B3BC1E30909B00572389 /* Sources */ = {
			isa = PBXSourcesBuildPhase;
			buildActionMask = 2147483647;
			files = (
				0E57B40E1E30CFAC00572389 /* PWNCenter.m in Sources */,
				0E57B4131E30D1D900572389 /* PWNEngine.m in Sources */,
				0E57B3CB1E30909B00572389 /* ViewController.m in Sources */,
				0E57B3C81E30909B00572389 /* AppDelegate.m in Sources */,
				0E57B3C51E30909B00572389 /* main.m in Sources */,
				0E57B4161E30D20100572389 /* PWNCenterConfig.m in Sources */,
				0E57B4101E30CFAC00572389 /* PWNRequest.m in Sources */,
			);
			runOnlyForDeploymentPostprocessing = 0;
		};
		0E57B3D51E30909B00572389 /* Sources */ = {
			isa = PBXSourcesBuildPhase;
			buildActionMask = 2147483647;
			files = (
				0E57B4201E345F4400572389 /* NSURLSessionTask+PWNRequest.m in Sources */,
				0E57B41C1E31D31600572389 /* PWNNormalRequestTests.m in Sources */,
				0E57B41A1E31D17600572389 /* PWNTestCase.m in Sources */,
			);
			runOnlyForDeploymentPostprocessing = 0;
		};
/* End PBXSourcesBuildPhase section */

/* Begin PBXTargetDependency section */
		0E57B3DB1E30909B00572389 /* PBXTargetDependency */ = {
			isa = PBXTargetDependency;
			target = 0E57B3BF1E30909B00572389 /* PWNetworkDemo */;
			targetProxy = 0E57B3DA1E30909B00572389 /* PBXContainerItemProxy */;
		};
/* End PBXTargetDependency section */

/* Begin PBXVariantGroup section */
		0E57B3CC1E30909B00572389 /* Main.storyboard */ = {
			isa = PBXVariantGroup;
			children = (
				0E57B3CD1E30909B00572389 /* Base */,
			);
			name = Main.storyboard;
			sourceTree = "<group>";
		};
		0E57B3D11E30909B00572389 /* LaunchScreen.storyboard */ = {
			isa = PBXVariantGroup;
			children = (
				0E57B3D21E30909B00572389 /* Base */,
			);
			name = LaunchScreen.storyboard;
			sourceTree = "<group>";
		};
/* End PBXVariantGroup section */

/* Begin XCBuildConfiguration section */
		0E57B3E01E30909B00572389 /* Debug */ = {
			isa = XCBuildConfiguration;
			buildSettings = {
				ALWAYS_SEARCH_USER_PATHS = NO;
				CLANG_ANALYZER_NONNULL = YES;
				CLANG_CXX_LANGUAGE_STANDARD = "gnu++0x";
				CLANG_CXX_LIBRARY = "libc++";
				CLANG_ENABLE_MODULES = YES;
				CLANG_ENABLE_OBJC_ARC = YES;
				CLANG_WARN_BOOL_CONVERSION = YES;
				CLANG_WARN_CONSTANT_CONVERSION = YES;
				CLANG_WARN_DIRECT_OBJC_ISA_USAGE = YES_ERROR;
				CLANG_WARN_DOCUMENTATION_COMMENTS = YES;
				CLANG_WARN_EMPTY_BODY = YES;
				CLANG_WARN_ENUM_CONVERSION = YES;
				CLANG_WARN_INFINITE_RECURSION = YES;
				CLANG_WARN_INT_CONVERSION = YES;
				CLANG_WARN_OBJC_ROOT_CLASS = YES_ERROR;
				CLANG_WARN_SUSPICIOUS_MOVE = YES;
				CLANG_WARN_UNREACHABLE_CODE = YES;
				CLANG_WARN__DUPLICATE_METHOD_MATCH = YES;
				"CODE_SIGN_IDENTITY[sdk=iphoneos*]" = "iPhone Developer";
				COPY_PHASE_STRIP = NO;
				DEBUG_INFORMATION_FORMAT = dwarf;
				ENABLE_STRICT_OBJC_MSGSEND = YES;
				ENABLE_TESTABILITY = YES;
				GCC_C_LANGUAGE_STANDARD = gnu99;
				GCC_DYNAMIC_NO_PIC = NO;
				GCC_NO_COMMON_BLOCKS = YES;
				GCC_OPTIMIZATION_LEVEL = 0;
				GCC_PREPROCESSOR_DEFINITIONS = (
					"DEBUG=1",
					"$(inherited)",
				);
				GCC_WARN_64_TO_32_BIT_CONVERSION = YES;
				GCC_WARN_ABOUT_RETURN_TYPE = YES_ERROR;
				GCC_WARN_UNDECLARED_SELECTOR = YES;
				GCC_WARN_UNINITIALIZED_AUTOS = YES_AGGRESSIVE;
				GCC_WARN_UNUSED_FUNCTION = YES;
				GCC_WARN_UNUSED_VARIABLE = YES;
				IPHONEOS_DEPLOYMENT_TARGET = 10.2;
				MTL_ENABLE_DEBUG_INFO = YES;
				ONLY_ACTIVE_ARCH = YES;
				SDKROOT = iphoneos;
			};
			name = Debug;
		};
		0E57B3E11E30909B00572389 /* Release */ = {
			isa = XCBuildConfiguration;
			buildSettings = {
				ALWAYS_SEARCH_USER_PATHS = NO;
				CLANG_ANALYZER_NONNULL = YES;
				CLANG_CXX_LANGUAGE_STANDARD = "gnu++0x";
				CLANG_CXX_LIBRARY = "libc++";
				CLANG_ENABLE_MODULES = YES;
				CLANG_ENABLE_OBJC_ARC = YES;
				CLANG_WARN_BOOL_CONVERSION = YES;
				CLANG_WARN_CONSTANT_CONVERSION = YES;
				CLANG_WARN_DIRECT_OBJC_ISA_USAGE = YES_ERROR;
				CLANG_WARN_DOCUMENTATION_COMMENTS = YES;
				CLANG_WARN_EMPTY_BODY = YES;
				CLANG_WARN_ENUM_CONVERSION = YES;
				CLANG_WARN_INFINITE_RECURSION = YES;
				CLANG_WARN_INT_CONVERSION = YES;
				CLANG_WARN_OBJC_ROOT_CLASS = YES_ERROR;
				CLANG_WARN_SUSPICIOUS_MOVE = YES;
				CLANG_WARN_UNREACHABLE_CODE = YES;
				CLANG_WARN__DUPLICATE_METHOD_MATCH = YES;
				"CODE_SIGN_IDENTITY[sdk=iphoneos*]" = "iPhone Developer";
				COPY_PHASE_STRIP = NO;
				DEBUG_INFORMATION_FORMAT = "dwarf-with-dsym";
				ENABLE_NS_ASSERTIONS = NO;
				ENABLE_STRICT_OBJC_MSGSEND = YES;
				GCC_C_LANGUAGE_STANDARD = gnu99;
				GCC_NO_COMMON_BLOCKS = YES;
				GCC_WARN_64_TO_32_BIT_CONVERSION = YES;
				GCC_WARN_ABOUT_RETURN_TYPE = YES_ERROR;
				GCC_WARN_UNDECLARED_SELECTOR = YES;
				GCC_WARN_UNINITIALIZED_AUTOS = YES_AGGRESSIVE;
				GCC_WARN_UNUSED_FUNCTION = YES;
				GCC_WARN_UNUSED_VARIABLE = YES;
				IPHONEOS_DEPLOYMENT_TARGET = 10.2;
				MTL_ENABLE_DEBUG_INFO = NO;
				SDKROOT = iphoneos;
				VALIDATE_PRODUCT = YES;
			};
			name = Release;
		};
		0E57B3E31E30909B00572389 /* Debug */ = {
			isa = XCBuildConfiguration;
			baseConfigurationReference = 61D7CFE647A823E3A35AF716 /* Pods-PWNetworkDemo.debug.xcconfig */;
			buildSettings = {
				ASSETCATALOG_COMPILER_APPICON_NAME = AppIcon;
				INFOPLIST_FILE = PWNetworkDemo/Info.plist;
				LD_RUNPATH_SEARCH_PATHS = "$(inherited) @executable_path/Frameworks";
				PRODUCT_BUNDLE_IDENTIFIER = com.parallelworld.PWNetworkDemo;
				PRODUCT_NAME = "$(TARGET_NAME)";
			};
			name = Debug;
		};
		0E57B3E41E30909B00572389 /* Release */ = {
			isa = XCBuildConfiguration;
			baseConfigurationReference = 54283EFC430CEF3035A44CC5 /* Pods-PWNetworkDemo.release.xcconfig */;
			buildSettings = {
				ASSETCATALOG_COMPILER_APPICON_NAME = AppIcon;
				INFOPLIST_FILE = PWNetworkDemo/Info.plist;
				LD_RUNPATH_SEARCH_PATHS = "$(inherited) @executable_path/Frameworks";
				PRODUCT_BUNDLE_IDENTIFIER = com.parallelworld.PWNetworkDemo;
				PRODUCT_NAME = "$(TARGET_NAME)";
			};
			name = Release;
		};
		0E57B3E61E30909B00572389 /* Debug */ = {
			isa = XCBuildConfiguration;
			baseConfigurationReference = FC86CF1AD583EAB0F990AB24 /* Pods-PWNetworkDemoTests.debug.xcconfig */;
			buildSettings = {
				BUNDLE_LOADER = "$(TEST_HOST)";
				INFOPLIST_FILE = PWNetworkDemoTests/Info.plist;
				LD_RUNPATH_SEARCH_PATHS = "$(inherited) @executable_path/Frameworks @loader_path/Frameworks";
				PRODUCT_BUNDLE_IDENTIFIER = com.parallelworld.PWNetworkDemoTests;
				PRODUCT_NAME = "$(TARGET_NAME)";
				TEST_HOST = "$(BUILT_PRODUCTS_DIR)/PWNetworkDemo.app/PWNetworkDemo";
			};
			name = Debug;
		};
		0E57B3E71E30909B00572389 /* Release */ = {
			isa = XCBuildConfiguration;
			baseConfigurationReference = C52B8576A64E6F7C3B387125 /* Pods-PWNetworkDemoTests.release.xcconfig */;
			buildSettings = {
				BUNDLE_LOADER = "$(TEST_HOST)";
				INFOPLIST_FILE = PWNetworkDemoTests/Info.plist;
				LD_RUNPATH_SEARCH_PATHS = "$(inherited) @executable_path/Frameworks @loader_path/Frameworks";
				PRODUCT_BUNDLE_IDENTIFIER = com.parallelworld.PWNetworkDemoTests;
				PRODUCT_NAME = "$(TARGET_NAME)";
				TEST_HOST = "$(BUILT_PRODUCTS_DIR)/PWNetworkDemo.app/PWNetworkDemo";
			};
			name = Release;
		};
/* End XCBuildConfiguration section */

/* Begin XCConfigurationList section */
		0E57B3BB1E30909B00572389 /* Build configuration list for PBXProject "PWNetworkDemo" */ = {
			isa = XCConfigurationList;
			buildConfigurations = (
				0E57B3E01E30909B00572389 /* Debug */,
				0E57B3E11E30909B00572389 /* Release */,
			);
			defaultConfigurationIsVisible = 0;
			defaultConfigurationName = Release;
		};
		0E57B3E21E30909B00572389 /* Build configuration list for PBXNativeTarget "PWNetworkDemo" */ = {
			isa = XCConfigurationList;
			buildConfigurations = (
				0E57B3E31E30909B00572389 /* Debug */,
				0E57B3E41E30909B00572389 /* Release */,
			);
			defaultConfigurationIsVisible = 0;
			defaultConfigurationName = Release;
		};
		0E57B3E51E30909B00572389 /* Build configuration list for PBXNativeTarget "PWNetworkDemoTests" */ = {
			isa = XCConfigurationList;
			buildConfigurations = (
				0E57B3E61E30909B00572389 /* Debug */,
				0E57B3E71E30909B00572389 /* Release */,
			);
			defaultConfigurationIsVisible = 0;
			defaultConfigurationName = Release;
		};
/* End XCConfigurationList section */
	};
	rootObject = 0E57B3B81E30909B00572389 /* Project object */;
}
